// !$*UTF8*$!
{
	archiveVersion = 1;
	classes = {
	};
	objectVersion = 77;
	objects = {

/* Begin PBXBuildFile section */
		FA57DEAD0000000000000A03 /* WrstRuntime in Frameworks */ = {isa = PBXBuildFile; productRef = FA57DEAD0000000000000A02 /* WrstRuntime */; };
/* End PBXBuildFile section */

/* Begin XCLocalSwiftPackageReference section */
		FA57DEAD0000000000000A01 /* XCLocalSwiftPackageReference "wrst-runtime" */ = {
			isa = XCLocalSwiftPackageReference;
			relativePath = "../node_modules/@wrst/core/apple-watch/wrst-runtime";
		};
/* End XCLocalSwiftPackageReference section */

/* Begin XCSwiftPackageProductDependency section */
		FA57DEAD0000000000000A02 /* WrstRuntime */ = {
			isa = XCSwiftPackageProductDependency;
			productName = WrstRuntime;
		};
/* End XCSwiftPackageProductDependency section */

/* Begin PBXContainerItemProxy section */
		71DA53CD2FD1B2C7004CE53B /* PBXContainerItemProxy */ = {
			isa = PBXContainerItemProxy;
			containerPortal = 71DA53B72FD1B2C4004CE53B /* Project object */;
			proxyType = 1;
			remoteGlobalIDString = 71DA53BE2FD1B2C4004CE53B;
			remoteInfo = "AppleWatch Watch App";
		};
		71DA53D72FD1B2C7004CE53B /* PBXContainerItemProxy */ = {
			isa = PBXContainerItemProxy;
			containerPortal = 71DA53B72FD1B2C4004CE53B /* Project object */;
			proxyType = 1;
			remoteGlobalIDString = 71DA53BE2FD1B2C4004CE53B;
			remoteInfo = "AppleWatch Watch App";
		};
/* End PBXContainerItemProxy section */

/* Begin PBXFileReference section */
		71DA53BF2FD1B2C4004CE53B /* AppleWatch Watch App.app */ = {isa = PBXFileReference; explicitFileType = wrapper.application; includeInIndex = 0; path = "AppleWatch Watch App.app"; sourceTree = BUILT_PRODUCTS_DIR; };
		71DA53CC2FD1B2C7004CE53B /* AppleWatch Watch AppTests.xctest */ = {isa = PBXFileReference; explicitFileType = wrapper.cfbundle; includeInIndex = 0; path = "AppleWatch Watch AppTests.xctest"; sourceTree = BUILT_PRODUCTS_DIR; };
		71DA53D62FD1B2C7004CE53B /* AppleWatch Watch AppUITests.xctest */ = {isa = PBXFileReference; explicitFileType = wrapper.cfbundle; includeInIndex = 0; path = "AppleWatch Watch AppUITests.xctest"; sourceTree = BUILT_PRODUCTS_DIR; };
/* End PBXFileReference section */

/* Begin PBXFileSystemSynchronizedRootGroup section */
		71DA53C12FD1B2C4004CE53B /* AppleWatch Watch App */ = {
			isa = PBXFileSystemSynchronizedRootGroup;
			path = "AppleWatch Watch App";
			sourceTree = "<group>";
		};
		71DA53CF2FD1B2C7004CE53B /* AppleWatch Watch AppTests */ = {
			isa = PBXFileSystemSynchronizedRootGroup;
			path = "AppleWatch Watch AppTests";
			sourceTree = "<group>";
		};
		71DA53D92FD1B2C7004CE53B /* AppleWatch Watch AppUITests */ = {
			isa = PBXFileSystemSynchronizedRootGroup;
			path = "AppleWatch Watch AppUITests";
			sourceTree = "<group>";
		};
/* End PBXFileSystemSynchronizedRootGroup section */

/* Begin PBXFrameworksBuildPhase section */
		71DA53BC2FD1B2C4004CE53B /* Frameworks */ = {
			isa = PBXFrameworksBuildPhase;
			buildActionMask = 2147483647;
			files = (
				FA57DEAD0000000000000A03 /* WrstRuntime in Frameworks */,
			);
			runOnlyForDeploymentPostprocessing = 0;
		};
		71DA53C92FD1B2C7004CE53B /* Frameworks */ = {
			isa = PBXFrameworksBuildPhase;
			buildActionMask = 2147483647;
			files = (
			);
			runOnlyForDeploymentPostprocessing = 0;
		};
		71DA53D32FD1B2C7004CE53B /* Frameworks */ = {
			isa = PBXFrameworksBuildPhase;
			buildActionMask = 2147483647;
			files = (
			);
			runOnlyForDeploymentPostprocessing = 0;
		};
/* End PBXFrameworksBuildPhase section */

/* Begin PBXGroup section */
		71DA53B62FD1B2C4004CE53B = {
			isa = PBXGroup;
			children = (
				71DA53C12FD1B2C4004CE53B /* AppleWatch Watch App */,
				71DA53CF2FD1B2C7004CE53B /* AppleWatch Watch AppTests */,
				71DA53D92FD1B2C7004CE53B /* AppleWatch Watch AppUITests */,
				71DA53C02FD1B2C4004CE53B /* Products */,
			);
			sourceTree = "<group>";
		};
		71DA53C02FD1B2C4004CE53B /* Products */ = {
			isa = PBXGroup;
			children = (
				71DA53BF2FD1B2C4004CE53B /* AppleWatch Watch App.app */,
				71DA53CC2FD1B2C7004CE53B /* AppleWatch Watch AppTests.xctest */,
				71DA53D62FD1B2C7004CE53B /* AppleWatch Watch AppUITests.xctest */,
			);
			name = Products;
			sourceTree = "<group>";
		};
/* End PBXGroup section */

/* Begin PBXNativeTarget section */
		71DA53BE2FD1B2C4004CE53B /* AppleWatch Watch App */ = {
			isa = PBXNativeTarget;
			buildConfigurationList = 71DA53E02FD1B2C7004CE53B /* Build configuration list for PBXNativeTarget "AppleWatch Watch App" */;
			buildPhases = (
				71DA53BB2FD1B2C4004CE53B /* Sources */,
				71DA53BC2FD1B2C4004CE53B /* Frameworks */,
				71DA53BD2FD1B2C4004CE53B /* Resources */,
			);
			buildRules = (
			);
			dependencies = (
			);
			fileSystemSynchronizedGroups = (
				71DA53C12FD1B2C4004CE53B /* AppleWatch Watch App */,
			);
			name = "AppleWatch Watch App";
			packageProductDependencies = (
				FA57DEAD0000000000000A02 /* WrstRuntime */,
			);
			productName = "AppleWatch Watch App";
			productReference = 71DA53BF2FD1B2C4004CE53B /* AppleWatch Watch App.app */;
			productType = "com.apple.product-type.application";
		};
		71DA53CB2FD1B2C7004CE53B /* AppleWatch Watch AppTests */ = {
			isa = PBXNativeTarget;
			buildConfigurationList = 71DA53E32FD1B2C7004CE53B /* Build configuration list for PBXNativeTarget "AppleWatch Watch AppTests" */;
			buildPhases = (
				71DA53C82FD1B2C7004CE53B /* Sources */,
				71DA53C92FD1B2C7004CE53B /* Frameworks */,
				71DA53CA2FD1B2C7004CE53B /* Resources */,
			);
			buildRules = (
			);
			dependencies = (
				71DA53CE2FD1B2C7004CE53B /* PBXTargetDependency */,
			);
			fileSystemSynchronizedGroups = (
				71DA53CF2FD1B2C7004CE53B /* AppleWatch Watch AppTests */,
			);
			name = "AppleWatch Watch AppTests";
			packageProductDependencies = (
			);
			productName = "AppleWatch Watch AppTests";
			productReference = 71DA53CC2FD1B2C7004CE53B /* AppleWatch Watch AppTests.xctest */;
			productType = "com.apple.product-type.bundle.unit-test";
		};
		71DA53D52FD1B2C7004CE53B /* AppleWatch Watch AppUITests */ = {
			isa = PBXNativeTarget;
			buildConfigurationList = 71DA53E62FD1B2C7004CE53B /* Build configuration list for PBXNativeTarget "AppleWatch Watch AppUITests" */;
			buildPhases = (
				71DA53D22FD1B2C7004CE53B /* Sources */,
				71DA53D32FD1B2C7004CE53B /* Frameworks */,
				71DA53D42FD1B2C7004CE53B /* Resources */,
			);
			buildRules = (
			);
			dependencies = (
				71DA53D82FD1B2C7004CE53B /* PBXTargetDependency */,
			);
			fileSystemSynchronizedGroups = (
				71DA53D92FD1B2C7004CE53B /* AppleWatch Watch AppUITests */,
			);
			name = "AppleWatch Watch AppUITests";
			packageProductDependencies = (
			);
			productName = "AppleWatch Watch AppUITests";
			productReference = 71DA53D62FD1B2C7004CE53B /* AppleWatch Watch AppUITests.xctest */;
			productType = "com.apple.product-type.bundle.ui-testing";
		};
/* End PBXNativeTarget section */

/* Begin PBXProject section */
		71DA53B72FD1B2C4004CE53B /* Project object */ = {
			isa = PBXProject;
			attributes = {
				BuildIndependentTargetsInParallel = 1;
				LastSwiftUpdateCheck = 2630;
				LastUpgradeCheck = 2630;
				TargetAttributes = {
					71DA53BE2FD1B2C4004CE53B = {
						CreatedOnToolsVersion = 26.3;
					};
					71DA53CB2FD1B2C7004CE53B = {
						CreatedOnToolsVersion = 26.3;
						TestTargetID = 71DA53BE2FD1B2C4004CE53B;
					};
					71DA53D52FD1B2C7004CE53B = {
						CreatedOnToolsVersion = 26.3;
						TestTargetID = 71DA53BE2FD1B2C4004CE53B;
					};
				};
			};
			buildConfigurationList = 71DA53BA2FD1B2C4004CE53B /* Build configuration list for PBXProject "AppleWatch" */;
			developmentRegion = en;
			hasScannedForEncodings = 0;
			knownRegions = (
				en,
				Base,
			);
			mainGroup = 71DA53B62FD1B2C4004CE53B;
			packageReferences = (
				FA57DEAD0000000000000A01 /* XCLocalSwiftPackageReference "wrst-runtime" */,
			);
			minimizedProjectReferenceProxies = 1;
			preferredProjectObjectVersion = 77;
			productRefGroup = 71DA53C02FD1B2C4004CE53B /* Products */;
			projectDirPath = "";
			projectRoot = "";
			targets = (
				71DA53BE2FD1B2C4004CE53B /* AppleWatch Watch App */,
				71DA53CB2FD1B2C7004CE53B /* AppleWatch Watch AppTests */,
				71DA53D52FD1B2C7004CE53B /* AppleWatch Watch AppUITests */,
			);
		};
/* End PBXProject section */

/* Begin PBXResourcesBuildPhase section */
		71DA53BD2FD1B2C4004CE53B /* Resources */ = {
			isa = PBXResourcesBuildPhase;
			buildActionMask = 2147483647;
			files = (
			);
			runOnlyForDeploymentPostprocessing = 0;
		};
		71DA53CA2FD1B2C7004CE53B /* Resources */ = {
			isa = PBXResourcesBuildPhase;
			buildActionMask = 2147483647;
			files = (
			);
			runOnlyForDeploymentPostprocessing = 0;
		};
		71DA53D42FD1B2C7004CE53B /* Resources */ = {
			isa = PBXResourcesBuildPhase;
			buildActionMask = 2147483647;
			files = (
			);
			runOnlyForDeploymentPostprocessing = 0;
		};
/* End PBXResourcesBuildPhase section */

/* Begin PBXSourcesBuildPhase section */
		71DA53BB2FD1B2C4004CE53B /* Sources */ = {
			isa = PBXSourcesBuildPhase;
			buildActionMask = 2147483647;
			files = (
			);
			runOnlyForDeploymentPostprocessing = 0;
		};
		71DA53C82FD1B2C7004CE53B /* Sources */ = {
			isa = PBXSourcesBuildPhase;
			buildActionMask = 2147483647;
			files = (
			);
			runOnlyForDeploymentPostprocessing = 0;
		};
		71DA53D22FD1B2C7004CE53B /* Sources */ = {
			isa = PBXSourcesBuildPhase;
			buildActionMask = 2147483647;
			files = (
			);
			runOnlyForDeploymentPostprocessing = 0;
		};
/* End PBXSourcesBuildPhase section */

/* Begin PBXTargetDependency section */
		71DA53CE2FD1B2C7004CE53B /* PBXTargetDependency */ = {
			isa = PBXTargetDependency;
			target = 71DA53BE2FD1B2C4004CE53B /* AppleWatch Watch App */;
			targetProxy = 71DA53CD2FD1B2C7004CE53B /* PBXContainerItemProxy */;
		};
		71DA53D82FD1B2C7004CE53B /* PBXTargetDependency */ = {
			isa = PBXTargetDependency;
			target = 71DA53BE2FD1B2C4004CE53B /* AppleWatch Watch App */;
			targetProxy = 71DA53D72FD1B2C7004CE53B /* PBXContainerItemProxy */;
		};
/* End PBXTargetDependency section */

/* Begin XCBuildConfiguration section */
		71DA53DE2FD1B2C7004CE53B /* Debug */ = {
			isa = XCBuildConfiguration;
			buildSettings = {
				ALWAYS_SEARCH_USER_PATHS = NO;
				ASSETCATALOG_COMPILER_GENERATE_SWIFT_ASSET_SYMBOL_EXTENSIONS = YES;
				CLANG_ANALYZER_NONNULL = YES;
				CLANG_ANALYZER_NUMBER_OBJECT_CONVERSION = YES_AGGRESSIVE;
				CLANG_CXX_LANGUAGE_STANDARD = "gnu++20";
				CLANG_ENABLE_MODULES = YES;
				CLANG_ENABLE_OBJC_ARC = YES;
				CLANG_ENABLE_OBJC_WEAK = YES;
				CLANG_WARN_BLOCK_CAPTURE_AUTORELEASING = YES;
				CLANG_WARN_BOOL_CONVERSION = YES;
				CLANG_WARN_COMMA = YES;
				CLANG_WARN_CONSTANT_CONVERSION = YES;
				CLANG_WARN_DEPRECATED_OBJC_IMPLEMENTATIONS = YES;
				CLANG_WARN_DIRECT_OBJC_ISA_USAGE = YES_ERROR;
				CLANG_WARN_DOCUMENTATION_COMMENTS = YES;
				CLANG_WARN_EMPTY_BODY = YES;
				CLANG_WARN_ENUM_CONVERSION = YES;
				CLANG_WARN_INFINITE_RECURSION = YES;
				CLANG_WARN_INT_CONVERSION = YES;
				CLANG_WARN_NON_LITERAL_NULL_CONVERSION = YES;
				CLANG_WARN_OBJC_IMPLICIT_RETAIN_SELF = YES;
				CLANG_WARN_OBJC_LITERAL_CONVERSION = YES;
				CLANG_WARN_OBJC_ROOT_CLASS = YES_ERROR;
				CLANG_WARN_QUOTED_INCLUDE_IN_FRAMEWORK_HEADER = YES;
				CLANG_WARN_RANGE_LOOP_ANALYSIS = YES;
				CLANG_WARN_STRICT_PROTOTYPES = YES;
				CLANG_WARN_SUSPICIOUS_MOVE = YES;
				CLANG_WARN_UNGUARDED_AVAILABILITY = YES_AGGRESSIVE;
				CLANG_WARN_UNREACHABLE_CODE = YES;
				CLANG_WARN__DUPLICATE_METHOD_MATCH = YES;
				COPY_PHASE_STRIP = NO;
				DEBUG_INFORMATION_FORMAT = dwarf;
				DEVELOPMENT_TEAM = 35CH8L8X9F;
				ENABLE_STRICT_OBJC_MSGSEND = YES;
				ENABLE_TESTABILITY = YES;
				ENABLE_USER_SCRIPT_SANDBOXING = YES;
				GCC_C_LANGUAGE_STANDARD = gnu17;
				GCC_DYNAMIC_NO_PIC = NO;
				GCC_NO_COMMON_BLOCKS = YES;
				GCC_OPTIMIZATION_LEVEL = 0;
				GCC_PREPROCESSOR_DEFINITIONS = (
					"DEBUG=1",
					"$(inherited)",
				);
				GCC_WARN_64_TO_32_BIT_CONVERSION = YES;
				GCC_WARN_ABOUT_RETURN_TYPE = YES_ERROR;
				GCC_WARN_UNDECLARED_SELECTOR = YES;
				GCC_WARN_UNINITIALIZED_AUTOS = YES_AGGRESSIVE;
				GCC_WARN_UNUSED_FUNCTION = YES;
				GCC_WARN_UNUSED_VARIABLE = YES;
				LOCALIZATION_PREFERS_STRING_CATALOGS = YES;
				MTL_ENABLE_DEBUG_INFO = INCLUDE_SOURCE;
				MTL_FAST_MATH = YES;
				ONLY_ACTIVE_ARCH = YES;
				SWIFT_ACTIVE_COMPILATION_CONDITIONS = "DEBUG $(inherited)";
				SWIFT_OPTIMIZATION_LEVEL = "-Onone";
			};
			name = Debug;
		};
		71DA53DF2FD1B2C7004CE53B /* Release */ = {
			isa = XCBuildConfiguration;
			buildSettings = {
				ALWAYS_SEARCH_USER_PATHS = NO;
				ASSETCATALOG_COMPILER_GENERATE_SWIFT_ASSET_SYMBOL_EXTENSIONS = YES;
				CLANG_ANALYZER_NONNULL = YES;
				CLANG_ANALYZER_NUMBER_OBJECT_CONVERSION = YES_AGGRESSIVE;
				CLANG_CXX_LANGUAGE_STANDARD = "gnu++20";
				CLANG_ENABLE_MODULES = YES;
				CLANG_ENABLE_OBJC_ARC = YES;
				CLANG_ENABLE_OBJC_WEAK = YES;
				CLANG_WARN_BLOCK_CAPTURE_AUTORELEASING = YES;
				CLANG_WARN_BOOL_CONVERSION = YES;
				CLANG_WARN_COMMA = YES;
				CLANG_WARN_CONSTANT_CONVERSION = YES;
				CLANG_WARN_DEPRECATED_OBJC_IMPLEMENTATIONS = YES;
				CLANG_WARN_DIRECT_OBJC_ISA_USAGE = YES_ERROR;
				CLANG_WARN_DOCUMENTATION_COMMENTS = YES;
				CLANG_WARN_EMPTY_BODY = YES;
				CLANG_WARN_ENUM_CONVERSION = YES;
				CLANG_WARN_INFINITE_RECURSION = YES;
				CLANG_WARN_INT_CONVERSION = YES;
				CLANG_WARN_NON_LITERAL_NULL_CONVERSION = YES;
				CLANG_WARN_OBJC_IMPLICIT_RETAIN_SELF = YES;
				CLANG_WARN_OBJC_LITERAL_CONVERSION = YES;
				CLANG_WARN_OBJC_ROOT_CLASS = YES_ERROR;
				CLANG_WARN_QUOTED_INCLUDE_IN_FRAMEWORK_HEADER = YES;
				CLANG_WARN_RANGE_LOOP_ANALYSIS = YES;
				CLANG_WARN_STRICT_PROTOTYPES = YES;
				CLANG_WARN_SUSPICIOUS_MOVE = YES;
				CLANG_WARN_UNGUARDED_AVAILABILITY = YES_AGGRESSIVE;
				CLANG_WARN_UNREACHABLE_CODE = YES;
				CLANG_WARN__DUPLICATE_METHOD_MATCH = YES;
				COPY_PHASE_STRIP = NO;
				DEBUG_INFORMATION_FORMAT = "dwarf-with-dsym";
				DEVELOPMENT_TEAM = 35CH8L8X9F;
				ENABLE_NS_ASSERTIONS = NO;
				ENABLE_STRICT_OBJC_MSGSEND = YES;
				ENABLE_USER_SCRIPT_SANDBOXING = YES;
				GCC_C_LANGUAGE_STANDARD = gnu17;
				GCC_NO_COMMON_BLOCKS = YES;
				GCC_WARN_64_TO_32_BIT_CONVERSION = YES;
				GCC_WARN_ABOUT_RETURN_TYPE = YES_ERROR;
				GCC_WARN_UNDECLARED_SELECTOR = YES;
				GCC_WARN_UNINITIALIZED_AUTOS = YES_AGGRESSIVE;
				GCC_WARN_UNUSED_FUNCTION = YES;
				GCC_WARN_UNUSED_VARIABLE = YES;
				LOCALIZATION_PREFERS_STRING_CATALOGS = YES;
				MTL_ENABLE_DEBUG_INFO = NO;
				MTL_FAST_MATH = YES;
				SWIFT_COMPILATION_MODE = wholemodule;
			};
			name = Release;
		};
		71DA53E12FD1B2C7004CE53B /* Debug */ = {
			isa = XCBuildConfiguration;
			buildSettings = {
				ASSETCATALOG_COMPILER_APPICON_NAME = AppIcon;
				ASSETCATALOG_COMPILER_GLOBAL_ACCENT_COLOR_NAME = AccentColor;
				CODE_SIGN_STYLE = Automatic;
				CURRENT_PROJECT_VERSION = 1;
				DEVELOPMENT_TEAM = 35CH8L8X9F;
				ENABLE_PREVIEWS = YES;
				GENERATE_INFOPLIST_FILE = YES;
				INFOPLIST_FILE = Info.plist;
				INFOPLIST_KEY_CFBundleDisplayName = "__APP_NAME__";
				INFOPLIST_KEY_UISupportedInterfaceOrientations = "UIInterfaceOrientationPortrait UIInterfaceOrientationPortraitUpsideDown";
				INFOPLIST_KEY_WKCompanionAppBundleIdentifier = "";
				LD_RUNPATH_SEARCH_PATHS = (
					"$(inherited)",
					"@executable_path/Frameworks",
				);
				MARKETING_VERSION = 1.0;
				PRODUCT_BUNDLE_IDENTIFIER = ".__APP_ID__";
				PRODUCT_NAME = "$(TARGET_NAME)";
				SDKROOT = watchos;
				SKIP_INSTALL = YES;
				STRING_CATALOG_GENERATE_SYMBOLS = YES;
				SWIFT_APPROACHABLE_CONCURRENCY = YES;
				SWIFT_DEFAULT_ACTOR_ISOLATION = MainActor;
				SWIFT_EMIT_LOC_STRINGS = YES;
				SWIFT_UPCOMING_FEATURE_MEMBER_IMPORT_VISIBILITY = YES;
				SWIFT_VERSION = 5.0;
				TARGETED_DEVICE_FAMILY = 4;
				WATCHOS_DEPLOYMENT_TARGET = 26.2;
			};
			name = Debug;
		};
		71DA53E22FD1B2C7004CE53B /* Release */ = {
			isa = XCBuildConfiguration;
			buildSettings = {
				ASSETCATALOG_COMPILER_APPICON_NAME = AppIcon;
				ASSETCATALOG_COMPILER_GLOBAL_ACCENT_COLOR_NAME = AccentColor;
				CODE_SIGN_STYLE = Automatic;
				CURRENT_PROJECT_VERSION = 1;
				DEVELOPMENT_TEAM = 35CH8L8X9F;
				ENABLE_PREVIEWS = YES;
				GENERATE_INFOPLIST_FILE = YES;
				INFOPLIST_FILE = Info.plist;
				INFOPLIST_KEY_CFBundleDisplayName = "__APP_NAME__";
				INFOPLIST_KEY_UISupportedInterfaceOrientations = "UIInterfaceOrientationPortrait UIInterfaceOrientationPortraitUpsideDown";
				INFOPLIST_KEY_WKCompanionAppBundleIdentifier = "";
				LD_RUNPATH_SEARCH_PATHS = (
					"$(inherited)",
					"@executable_path/Frameworks",
				);
				MARKETING_VERSION = 1.0;
				PRODUCT_BUNDLE_IDENTIFIER = ".__APP_ID__";
				PRODUCT_NAME = "$(TARGET_NAME)";
				SDKROOT = watchos;
				SKIP_INSTALL = YES;
				STRING_CATALOG_GENERATE_SYMBOLS = YES;
				SWIFT_APPROACHABLE_CONCURRENCY = YES;
				SWIFT_DEFAULT_ACTOR_ISOLATION = MainActor;
				SWIFT_EMIT_LOC_STRINGS = YES;
				SWIFT_UPCOMING_FEATURE_MEMBER_IMPORT_VISIBILITY = YES;
				SWIFT_VERSION = 5.0;
				TARGETED_DEVICE_FAMILY = 4;
				VALIDATE_PRODUCT = YES;
				WATCHOS_DEPLOYMENT_TARGET = 26.2;
			};
			name = Release;
		};
		71DA53E42FD1B2C7004CE53B /* Debug */ = {
			isa = XCBuildConfiguration;
			buildSettings = {
				BUNDLE_LOADER = "$(TEST_HOST)";
				CODE_SIGN_STYLE = Automatic;
				CURRENT_PROJECT_VERSION = 1;
				DEVELOPMENT_TEAM = 35CH8L8X9F;
				GENERATE_INFOPLIST_FILE = YES;
				MARKETING_VERSION = 1.0;
				PRODUCT_BUNDLE_IDENTIFIER = "com.bb.AppleWatch-Watch-AppTests";
				PRODUCT_NAME = "$(TARGET_NAME)";
				SDKROOT = watchos;
				STRING_CATALOG_GENERATE_SYMBOLS = NO;
				SWIFT_APPROACHABLE_CONCURRENCY = YES;
				SWIFT_EMIT_LOC_STRINGS = NO;
				SWIFT_UPCOMING_FEATURE_MEMBER_IMPORT_VISIBILITY = YES;
				SWIFT_VERSION = 5.0;
				TARGETED_DEVICE_FAMILY = 4;
				TEST_HOST = "$(BUILT_PRODUCTS_DIR)/AppleWatch Watch App.app/$(BUNDLE_EXECUTABLE_FOLDER_PATH)/AppleWatch Watch App";
				WATCHOS_DEPLOYMENT_TARGET = 26.2;
			};
			name = Debug;
		};
		71DA53E52FD1B2C7004CE53B /* Release */ = {
			isa = XCBuildConfiguration;
			buildSettings = {
				BUNDLE_LOADER = "$(TEST_HOST)";
				CODE_SIGN_STYLE = Automatic;
				CURRENT_PROJECT_VERSION = 1;
				DEVELOPMENT_TEAM = 35CH8L8X9F;
				GENERATE_INFOPLIST_FILE = YES;
				MARKETING_VERSION = 1.0;
				PRODUCT_BUNDLE_IDENTIFIER = "com.bb.AppleWatch-Watch-AppTests";
				PRODUCT_NAME = "$(TARGET_NAME)";
				SDKROOT = watchos;
				STRING_CATALOG_GENERATE_SYMBOLS = NO;
				SWIFT_APPROACHABLE_CONCURRENCY = YES;
				SWIFT_EMIT_LOC_STRINGS = NO;
				SWIFT_UPCOMING_FEATURE_MEMBER_IMPORT_VISIBILITY = YES;
				SWIFT_VERSION = 5.0;
				TARGETED_DEVICE_FAMILY = 4;
				TEST_HOST = "$(BUILT_PRODUCTS_DIR)/AppleWatch Watch App.app/$(BUNDLE_EXECUTABLE_FOLDER_PATH)/AppleWatch Watch App";
				VALIDATE_PRODUCT = YES;
				WATCHOS_DEPLOYMENT_TARGET = 26.2;
			};
			name = Release;
		};
		71DA53E72FD1B2C7004CE53B /* Debug */ = {
			isa = XCBuildConfiguration;
			buildSettings = {
				CODE_SIGN_STYLE = Automatic;
				CURRENT_PROJECT_VERSION = 1;
				DEVELOPMENT_TEAM = 35CH8L8X9F;
				GENERATE_INFOPLIST_FILE = YES;
				MARKETING_VERSION = 1.0;
				PRODUCT_BUNDLE_IDENTIFIER = "com.bb.AppleWatch-Watch-AppUITests";
				PRODUCT_NAME = "$(TARGET_NAME)";
				SDKROOT = watchos;
				STRING_CATALOG_GENERATE_SYMBOLS = NO;
				SWIFT_APPROACHABLE_CONCURRENCY = YES;
				SWIFT_EMIT_LOC_STRINGS = NO;
				SWIFT_UPCOMING_FEATURE_MEMBER_IMPORT_VISIBILITY = YES;
				SWIFT_VERSION = 5.0;
				TARGETED_DEVICE_FAMILY = 4;
				TEST_TARGET_NAME = "AppleWatch Watch App";
				WATCHOS_DEPLOYMENT_TARGET = 26.2;
			};
			name = Debug;
		};
		71DA53E82FD1B2C7004CE53B /* Release */ = {
			isa = XCBuildConfiguration;
			buildSettings = {
				CODE_SIGN_STYLE = Automatic;
				CURRENT_PROJECT_VERSION = 1;
				DEVELOPMENT_TEAM = 35CH8L8X9F;
				GENERATE_INFOPLIST_FILE = YES;
				MARKETING_VERSION = 1.0;
				PRODUCT_BUNDLE_IDENTIFIER = "com.bb.AppleWatch-Watch-AppUITests";
				PRODUCT_NAME = "$(TARGET_NAME)";
				SDKROOT = watchos;
				STRING_CATALOG_GENERATE_SYMBOLS = NO;
				SWIFT_APPROACHABLE_CONCURRENCY = YES;
				SWIFT_EMIT_LOC_STRINGS = NO;
				SWIFT_UPCOMING_FEATURE_MEMBER_IMPORT_VISIBILITY = YES;
				SWIFT_VERSION = 5.0;
				TARGETED_DEVICE_FAMILY = 4;
				TEST_TARGET_NAME = "AppleWatch Watch App";
				VALIDATE_PRODUCT = YES;
				WATCHOS_DEPLOYMENT_TARGET = 26.2;
			};
			name = Release;
		};
/* End XCBuildConfiguration section */

/* Begin XCConfigurationList section */
		71DA53BA2FD1B2C4004CE53B /* Build configuration list for PBXProject "AppleWatch" */ = {
			isa = XCConfigurationList;
			buildConfigurations = (
				71DA53DE2FD1B2C7004CE53B /* Debug */,
				71DA53DF2FD1B2C7004CE53B /* Release */,
			);
			defaultConfigurationIsVisible = 0;
			defaultConfigurationName = Release;
		};
		71DA53E02FD1B2C7004CE53B /* Build configuration list for PBXNativeTarget "AppleWatch Watch App" */ = {
			isa = XCConfigurationList;
			buildConfigurations = (
				71DA53E12FD1B2C7004CE53B /* Debug */,
				71DA53E22FD1B2C7004CE53B /* Release */,
			);
			defaultConfigurationIsVisible = 0;
			defaultConfigurationName = Release;
		};
		71DA53E32FD1B2C7004CE53B /* Build configuration list for PBXNativeTarget "AppleWatch Watch AppTests" */ = {
			isa = XCConfigurationList;
			buildConfigurations = (
				71DA53E42FD1B2C7004CE53B /* Debug */,
				71DA53E52FD1B2C7004CE53B /* Release */,
			);
			defaultConfigurationIsVisible = 0;
			defaultConfigurationName = Release;
		};
		71DA53E62FD1B2C7004CE53B /* Build configuration list for PBXNativeTarget "AppleWatch Watch AppUITests" */ = {
			isa = XCConfigurationList;
			buildConfigurations = (
				71DA53E72FD1B2C7004CE53B /* Debug */,
				71DA53E82FD1B2C7004CE53B /* Release */,
			);
			defaultConfigurationIsVisible = 0;
			defaultConfigurationName = Release;
		};
/* End XCConfigurationList section */
	};
	rootObject = 71DA53B72FD1B2C4004CE53B /* Project object */;
}
